
Microsoft Visual Studio Solution File, Format Version 12.00
# Visual Studio Version 17
VisualStudioVersion = 17.5.2.0
MinimumVisualStudioVersion = 10.0.40219.1
Project("{2150E333-8FDC-42A3-9474-1A3956D46DE8}") = "IntroToComp", "IntroToComp", "{48142D3C-DD83-4D31-9236-2C6CED5FE868}"
EndProject
Project("{FAE04EC0-301F-11D3-BF4B-00C04F79EFBC}") = "IE 2060 Lab 1", "IntroToComp\IE 2060 Lab 1\IE 2060 Lab 1.csproj", "{F85B0F60-F2E5-B046-B438-A87D11254B0B}"
EndProject
Project("{FAE04EC0-301F-11D3-BF4B-00C04F79EFBC}") = "InLab2CS", "IntroToComp\InLab2CS\InLab2CS.csproj", "{EEC80661-7BAC-9C68-E70D-952DBA3279BC}"
EndProject
Project("{FAE04EC0-301F-11D3-BF4B-00C04F79EFBC}") = "InLab3", "IntroToComp\InLab3\InLab3.csproj", "{01B963F6-01E9-97FD-53DF-984F69E4932B}"
EndProject
Project("{FAE04EC0-301F-11D3-BF4B-00C04F79EFBC}") = "InLab4", "IntroToComp\InLab4\InLab4.csproj", "{E073A695-9D88-4689-8449-62A050B52CBC}"
EndProject
Project("{FAE04EC0-301F-11D3-BF4B-00C04F79EFBC}") = "Lab 2", "IntroToComp\Lab 2\Lab 2.csproj", "{FC7B40FE-72A7-1446-E5BB-9A227BF7DB11}"
EndProject
Project("{FAE04EC0-301F-11D3-BF4B-00C04F79EFBC}") = "Out Of Lab 1", "IntroToComp\Out Of Lab 1\Out Of Lab 1.csproj", "{FAB750A1-29F3-5B80-130F-FA1AC2B9E7E5}"
EndProject
Project("{FAE04EC0-301F-11D3-BF4B-00C04F79EFBC}") = "Out Of Lab 2", "IntroToComp\Out Of Lab 2\Out Of Lab 2.csproj", "{4483400C-B4F2-971F-EA8A-328E93BFE9EF}"
EndProject
Project("{FAE04EC0-301F-11D3-BF4B-00C04F79EFBC}") = "Out of Lab 3", "IntroToComp\Out of Lab 3\Out of Lab 3.csproj", "{8D87FA51-EE09-6916-8398-534A72034ABF}"
EndProject
Project("{FAE04EC0-301F-11D3-BF4B-00C04F79EFBC}") = "QuizA", "IntroToComp\QuizA\QuizA.csproj", "{34A3C326-1E9E-1A2F-6E2D-C97BAEE5788A}"
EndProject
Project("{2150E333-8FDC-42A3-9474-1A3956D46DE8}") = "Out Of Lab 1 (1)", "Out Of Lab 1 (1)", "{5EF7B96B-7C7D-7D08-51E6-E2F2C97BB04A}"
EndProject
Project("{FAE04EC0-301F-11D3-BF4B-00C04F79EFBC}") = "OOL1", "IntroToComp\Out Of Lab 1\OOL1\OOL1.csproj", "{930DE26A-C0D2-57C7-12CD-5551FF049B36}"
EndProject
Project("{FAE04EC0-301F-11D3-BF4B-00C04F79EFBC}") = "OOL2", "IntroToComp\Out Of Lab 1\OOL2\OOL2.csproj", "{4A418C29-9911-D591-A9E3-26E9DB4276B3}"
EndProject
Project("{2150E333-8FDC-42A3-9474-1A3956D46DE8}") = "Out Of Lab 4", "Out Of Lab 4", "{531254DD-3D48-AD39-5F93-5C57607E1266}"
EndProject
Project("{FAE04EC0-301F-11D3-BF4B-00C04F79EFBC}") = "1CS", "IntroToComp\Out Of Lab 4\1CS\1CS.csproj", "{F7B851D5-C480-4EF9-B029-06799D034847}"
EndProject
Project("{FAE04EC0-301F-11D3-BF4B-00C04F79EFBC}") = "2CS", "IntroToComp\Out Of Lab 4\2CS\2CS.csproj", "{E32CF553-0B6E-49D6-AC1A-6D13D26C240D}"
EndProject
Project("{FAE04EC0-301F-11D3-BF4B-00C04F79EFBC}") = "InLab5", "IntroToComp\InLab5\InLab5.csproj", "{BA875290-89D6-4662-A113-D77D76DFF256}"
EndProject
Project("{2150E333-8FDC-42A3-9474-1A3956D46DE8}") = "Lab5", "Lab5", "{206434C2-61A1-2E74-625B-BB6AA6965FCD}"
EndProject
Project("{FAE04EC0-301F-11D3-BF4B-00C04F79EFBC}") = "OOL1", "IntroToComp\Lab5\OOL1\OOL1.csproj", "{32960180-3A6A-4521-9986-0E9C5BBE44B6}"
EndProject
Project("{2150E333-8FDC-42A3-9474-1A3956D46DE8}") = "Lab5", "Lab5", "{206434C2-61A1-2E74-625B-BB6AA6965FCD}"
EndProject
Project("{FAE04EC0-301F-11D3-BF4B-00C04F79EFBC}") = "OOL2", "IntroToComp\Lab5\OOL2\OOL2.csproj", "{B330AA0D-3AEC-411B-B39D-A0AC2EFE2A23}"
EndProject
Global
	GlobalSection(SolutionConfigurationPlatforms) = preSolution
		Debug|Any CPU = Debug|Any CPU
		Debug|x64 = Debug|x64
		Debug|x86 = Debug|x86
		Release|Any CPU = Release|Any CPU
		Release|x64 = Release|x64
		Release|x86 = Release|x86
	EndGlobalSection
	GlobalSection(ProjectConfigurationPlatforms) = postSolution
		{F85B0F60-F2E5-B046-B438-A87D11254B0B}.Debug|Any CPU.ActiveCfg = Debug|Any CPU
		{F85B0F60-F2E5-B046-B438-A87D11254B0B}.Debug|Any CPU.Build.0 = Debug|Any CPU
		{F85B0F60-F2E5-B046-B438-A87D11254B0B}.Debug|x64.ActiveCfg = Debug|Any CPU
		{F85B0F60-F2E5-B046-B438-A87D11254B0B}.Debug|x64.Build.0 = Debug|Any CPU
		{F85B0F60-F2E5-B046-B438-A87D11254B0B}.Debug|x86.ActiveCfg = Debug|Any CPU
		{F85B0F60-F2E5-B046-B438-A87D11254B0B}.Debug|x86.Build.0 = Debug|Any CPU
		{F85B0F60-F2E5-B046-B438-A87D11254B0B}.Release|Any CPU.ActiveCfg = Release|Any CPU
		{F85B0F60-F2E5-B046-B438-A87D11254B0B}.Release|Any CPU.Build.0 = Release|Any CPU
		{F85B0F60-F2E5-B046-B438-A87D11254B0B}.Release|x64.ActiveCfg = Release|Any CPU
		{F85B0F60-F2E5-B046-B438-A87D11254B0B}.Release|x64.Build.0 = Release|Any CPU
		{F85B0F60-F2E5-B046-B438-A87D11254B0B}.Release|x86.ActiveCfg = Release|Any CPU
		{F85B0F60-F2E5-B046-B438-A87D11254B0B}.Release|x86.Build.0 = Release|Any CPU
		{EEC80661-7BAC-9C68-E70D-952DBA3279BC}.Debug|Any CPU.ActiveCfg = Debug|Any CPU
		{EEC80661-7BAC-9C68-E70D-952DBA3279BC}.Debug|Any CPU.Build.0 = Debug|Any CPU
		{EEC80661-7BAC-9C68-E70D-952DBA3279BC}.Debug|x64.ActiveCfg = Debug|Any CPU
		{EEC80661-7BAC-9C68-E70D-952DBA3279BC}.Debug|x64.Build.0 = Debug|Any CPU
		{EEC80661-7BAC-9C68-E70D-952DBA3279BC}.Debug|x86.ActiveCfg = Debug|Any CPU
		{EEC80661-7BAC-9C68-E70D-952DBA3279BC}.Debug|x86.Build.0 = Debug|Any CPU
		{EEC80661-7BAC-9C68-E70D-952DBA3279BC}.Release|Any CPU.ActiveCfg = Release|Any CPU
		{EEC80661-7BAC-9C68-E70D-952DBA3279BC}.Release|Any CPU.Build.0 = Release|Any CPU
		{EEC80661-7BAC-9C68-E70D-952DBA3279BC}.Release|x64.ActiveCfg = Release|Any CPU
		{EEC80661-7BAC-9C68-E70D-952DBA3279BC}.Release|x64.Build.0 = Release|Any CPU
		{EEC80661-7BAC-9C68-E70D-952DBA3279BC}.Release|x86.ActiveCfg = Release|Any CPU
		{EEC80661-7BAC-9C68-E70D-952DBA3279BC}.Release|x86.Build.0 = Release|Any CPU
		{01B963F6-01E9-97FD-53DF-984F69E4932B}.Debug|Any CPU.ActiveCfg = Debug|Any CPU
		{01B963F6-01E9-97FD-53DF-984F69E4932B}.Debug|Any CPU.Build.0 = Debug|Any CPU
		{01B963F6-01E9-97FD-53DF-984F69E4932B}.Debug|x64.ActiveCfg = Debug|Any CPU
		{01B963F6-01E9-97FD-53DF-984F69E4932B}.Debug|x64.Build.0 = Debug|Any CPU
		{01B963F6-01E9-97FD-53DF-984F69E4932B}.Debug|x86.ActiveCfg = Debug|Any CPU
		{01B963F6-01E9-97FD-53DF-984F69E4932B}.Debug|x86.Build.0 = Debug|Any CPU
		{01B963F6-01E9-97FD-53DF-984F69E4932B}.Release|Any CPU.ActiveCfg = Release|Any CPU
		{01B963F6-01E9-97FD-53DF-984F69E4932B}.Release|Any CPU.Build.0 = Release|Any CPU
		{01B963F6-01E9-97FD-53DF-984F69E4932B}.Release|x64.ActiveCfg = Release|Any CPU
		{01B963F6-01E9-97FD-53DF-984F69E4932B}.Release|x64.Build.0 = Release|Any CPU
		{01B963F6-01E9-97FD-53DF-984F69E4932B}.Release|x86.ActiveCfg = Release|Any CPU
		{01B963F6-01E9-97FD-53DF-984F69E4932B}.Release|x86.Build.0 = Release|Any CPU
		{E073A695-9D88-4689-8449-62A050B52CBC}.Debug|Any CPU.ActiveCfg = Debug|Any CPU
		{E073A695-9D88-4689-8449-62A050B52CBC}.Debug|Any CPU.Build.0 = Debug|Any CPU
		{E073A695-9D88-4689-8449-62A050B52CBC}.Debug|x64.ActiveCfg = Debug|Any CPU
		{E073A695-9D88-4689-8449-62A050B52CBC}.Debug|x64.Build.0 = Debug|Any CPU
		{E073A695-9D88-4689-8449-62A050B52CBC}.Debug|x86.ActiveCfg = Debug|Any CPU
		{E073A695-9D88-4689-8449-62A050B52CBC}.Debug|x86.Build.0 = Debug|Any CPU
		{E073A695-9D88-4689-8449-62A050B52CBC}.Release|Any CPU.ActiveCfg = Release|Any CPU
		{E073A695-9D88-4689-8449-62A050B52CBC}.Release|Any CPU.Build.0 = Release|Any CPU
		{E073A695-9D88-4689-8449-62A050B52CBC}.Release|x64.ActiveCfg = Release|Any CPU
		{E073A695-9D88-4689-8449-62A050B52CBC}.Release|x64.Build.0 = Release|Any CPU
		{E073A695-9D88-4689-8449-62A050B52CBC}.Release|x86.ActiveCfg = Release|Any CPU
		{E073A695-9D88-4689-8449-62A050B52CBC}.Release|x86.Build.0 = Release|Any CPU
		{FC7B40FE-72A7-1446-E5BB-9A227BF7DB11}.Debug|Any CPU.ActiveCfg = Debug|Any CPU
		{FC7B40FE-72A7-1446-E5BB-9A227BF7DB11}.Debug|Any CPU.Build.0 = Debug|Any CPU
		{FC7B40FE-72A7-1446-E5BB-9A227BF7DB11}.Debug|x64.ActiveCfg = Debug|Any CPU
		{FC7B40FE-72A7-1446-E5BB-9A227BF7DB11}.Debug|x64.Build.0 = Debug|Any CPU
		{FC7B40FE-72A7-1446-E5BB-9A227BF7DB11}.Debug|x86.ActiveCfg = Debug|Any CPU
		{FC7B40FE-72A7-1446-E5BB-9A227BF7DB11}.Debug|x86.Build.0 = Debug|Any CPU
		{FC7B40FE-72A7-1446-E5BB-9A227BF7DB11}.Release|Any CPU.ActiveCfg = Release|Any CPU
		{FC7B40FE-72A7-1446-E5BB-9A227BF7DB11}.Release|Any CPU.Build.0 = Release|Any CPU
		{FC7B40FE-72A7-1446-E5BB-9A227BF7DB11}.Release|x64.ActiveCfg = Release|Any CPU
		{FC7B40FE-72A7-1446-E5BB-9A227BF7DB11}.Release|x64.Build.0 = Release|Any CPU
		{FC7B40FE-72A7-1446-E5BB-9A227BF7DB11}.Release|x86.ActiveCfg = Release|Any CPU
		{FC7B40FE-72A7-1446-E5BB-9A227BF7DB11}.Release|x86.Build.0 = Release|Any CPU
		{FAB750A1-29F3-5B80-130F-FA1AC2B9E7E5}.Debug|Any CPU.ActiveCfg = Debug|Any CPU
		{FAB750A1-29F3-5B80-130F-FA1AC2B9E7E5}.Debug|Any CPU.Build.0 = Debug|Any CPU
		{FAB750A1-29F3-5B80-130F-FA1AC2B9E7E5}.Debug|x64.ActiveCfg = Debug|Any CPU
		{FAB750A1-29F3-5B80-130F-FA1AC2B9E7E5}.Debug|x64.Build.0 = Debug|Any CPU
		{FAB750A1-29F3-5B80-130F-FA1AC2B9E7E5}.Debug|x86.ActiveCfg = Debug|Any CPU
		{FAB750A1-29F3-5B80-130F-FA1AC2B9E7E5}.Debug|x86.Build.0 = Debug|Any CPU
		{FAB750A1-29F3-5B80-130F-FA1AC2B9E7E5}.Release|Any CPU.ActiveCfg = Release|Any CPU
		{FAB750A1-29F3-5B80-130F-FA1AC2B9E7E5}.Release|Any CPU.Build.0 = Release|Any CPU
		{FAB750A1-29F3-5B80-130F-FA1AC2B9E7E5}.Release|x64.ActiveCfg = Release|Any CPU
		{FAB750A1-29F3-5B80-130F-FA1AC2B9E7E5}.Release|x64.Build.0 = Release|Any CPU
		{FAB750A1-29F3-5B80-130F-FA1AC2B9E7E5}.Release|x86.ActiveCfg = Release|Any CPU
		{FAB750A1-29F3-5B80-130F-FA1AC2B9E7E5}.Release|x86.Build.0 = Release|Any CPU
		{4483400C-B4F2-971F-EA8A-328E93BFE9EF}.Debug|Any CPU.ActiveCfg = Debug|Any CPU
		{4483400C-B4F2-971F-EA8A-328E93BFE9EF}.Debug|Any CPU.Build.0 = Debug|Any CPU
		{4483400C-B4F2-971F-EA8A-328E93BFE9EF}.Debug|x64.ActiveCfg = Debug|Any CPU
		{4483400C-B4F2-971F-EA8A-328E93BFE9EF}.Debug|x64.Build.0 = Debug|Any CPU
		{4483400C-B4F2-971F-EA8A-328E93BFE9EF}.Debug|x86.ActiveCfg = Debug|Any CPU
		{4483400C-B4F2-971F-EA8A-328E93BFE9EF}.Debug|x86.Build.0 = Debug|Any CPU
		{4483400C-B4F2-971F-EA8A-328E93BFE9EF}.Release|Any CPU.ActiveCfg = Release|Any CPU
		{4483400C-B4F2-971F-EA8A-328E93BFE9EF}.Release|Any CPU.Build.0 = Release|Any CPU
		{4483400C-B4F2-971F-EA8A-328E93BFE9EF}.Release|x64.ActiveCfg = Release|Any CPU
		{4483400C-B4F2-971F-EA8A-328E93BFE9EF}.Release|x64.Build.0 = Release|Any CPU
		{4483400C-B4F2-971F-EA8A-328E93BFE9EF}.Release|x86.ActiveCfg = Release|Any CPU
		{4483400C-B4F2-971F-EA8A-328E93BFE9EF}.Release|x86.Build.0 = Release|Any CPU
		{8D87FA51-EE09-6916-8398-534A72034ABF}.Debug|Any CPU.ActiveCfg = Debug|Any CPU
		{8D87FA51-EE09-6916-8398-534A72034ABF}.Debug|Any CPU.Build.0 = Debug|Any CPU
		{8D87FA51-EE09-6916-8398-534A72034ABF}.Debug|x64.ActiveCfg = Debug|Any CPU
		{8D87FA51-EE09-6916-8398-534A72034ABF}.Debug|x64.Build.0 = Debug|Any CPU
		{8D87FA51-EE09-6916-8398-534A72034ABF}.Debug|x86.ActiveCfg = Debug|Any CPU
		{8D87FA51-EE09-6916-8398-534A72034ABF}.Debug|x86.Build.0 = Debug|Any CPU
		{8D87FA51-EE09-6916-8398-534A72034ABF}.Release|Any CPU.ActiveCfg = Release|Any CPU
		{8D87FA51-EE09-6916-8398-534A72034ABF}.Release|Any CPU.Build.0 = Release|Any CPU
		{8D87FA51-EE09-6916-8398-534A72034ABF}.Release|x64.ActiveCfg = Release|Any CPU
		{8D87FA51-EE09-6916-8398-534A72034ABF}.Release|x64.Build.0 = Release|Any CPU
		{8D87FA51-EE09-6916-8398-534A72034ABF}.Release|x86.ActiveCfg = Release|Any CPU
		{8D87FA51-EE09-6916-8398-534A72034ABF}.Release|x86.Build.0 = Release|Any CPU
		{34A3C326-1E9E-1A2F-6E2D-C97BAEE5788A}.Debug|Any CPU.ActiveCfg = Debug|Any CPU
		{34A3C326-1E9E-1A2F-6E2D-C97BAEE5788A}.Debug|Any CPU.Build.0 = Debug|Any CPU
		{34A3C326-1E9E-1A2F-6E2D-C97BAEE5788A}.Debug|x64.ActiveCfg = Debug|Any CPU
		{34A3C326-1E9E-1A2F-6E2D-C97BAEE5788A}.Debug|x64.Build.0 = Debug|Any CPU
		{34A3C326-1E9E-1A2F-6E2D-C97BAEE5788A}.Debug|x86.ActiveCfg = Debug|Any CPU
		{34A3C326-1E9E-1A2F-6E2D-C97BAEE5788A}.Debug|x86.Build.0 = Debug|Any CPU
		{34A3C326-1E9E-1A2F-6E2D-C97BAEE5788A}.Release|Any CPU.ActiveCfg = Release|Any CPU
		{34A3C326-1E9E-1A2F-6E2D-C97BAEE5788A}.Release|Any CPU.Build.0 = Release|Any CPU
		{34A3C326-1E9E-1A2F-6E2D-C97BAEE5788A}.Release|x64.ActiveCfg = Release|Any CPU
		{34A3C326-1E9E-1A2F-6E2D-C97BAEE5788A}.Release|x64.Build.0 = Release|Any CPU
		{34A3C326-1E9E-1A2F-6E2D-C97BAEE5788A}.Release|x86.ActiveCfg = Release|Any CPU
		{34A3C326-1E9E-1A2F-6E2D-C97BAEE5788A}.Release|x86.Build.0 = Release|Any CPU
		{930DE26A-C0D2-57C7-12CD-5551FF049B36}.Debug|Any CPU.ActiveCfg = Debug|Any CPU
		{930DE26A-C0D2-57C7-12CD-5551FF049B36}.Debug|Any CPU.Build.0 = Debug|Any CPU
		{930DE26A-C0D2-57C7-12CD-5551FF049B36}.Debug|x64.ActiveCfg = Debug|Any CPU
		{930DE26A-C0D2-57C7-12CD-5551FF049B36}.Debug|x64.Build.0 = Debug|Any CPU
		{930DE26A-C0D2-57C7-12CD-5551FF049B36}.Debug|x86.ActiveCfg = Debug|Any CPU
		{930DE26A-C0D2-57C7-12CD-5551FF049B36}.Debug|x86.Build.0 = Debug|Any CPU
		{930DE26A-C0D2-57C7-12CD-5551FF049B36}.Release|Any CPU.ActiveCfg = Release|Any CPU
		{930DE26A-C0D2-57C7-12CD-5551FF049B36}.Release|Any CPU.Build.0 = Release|Any CPU
		{930DE26A-C0D2-57C7-12CD-5551FF049B36}.Release|x64.ActiveCfg = Release|Any CPU
		{930DE26A-C0D2-57C7-12CD-5551FF049B36}.Release|x64.Build.0 = Release|Any CPU
		{930DE26A-C0D2-57C7-12CD-5551FF049B36}.Release|x86.ActiveCfg = Release|Any CPU
		{930DE26A-C0D2-57C7-12CD-5551FF049B36}.Release|x86.Build.0 = Release|Any CPU
		{4A418C29-9911-D591-A9E3-26E9DB4276B3}.Debug|Any CPU.ActiveCfg = Debug|Any CPU
		{4A418C29-9911-D591-A9E3-26E9DB4276B3}.Debug|Any CPU.Build.0 = Debug|Any CPU
		{4A418C29-9911-D591-A9E3-26E9DB4276B3}.Debug|x64.ActiveCfg = Debug|Any CPU
		{4A418C29-9911-D591-A9E3-26E9DB4276B3}.Debug|x64.Build.0 = Debug|Any CPU
		{4A418C29-9911-D591-A9E3-26E9DB4276B3}.Debug|x86.ActiveCfg = Debug|Any CPU
		{4A418C29-9911-D591-A9E3-26E9DB4276B3}.Debug|x86.Build.0 = Debug|Any CPU
		{4A418C29-9911-D591-A9E3-26E9DB4276B3}.Release|Any CPU.ActiveCfg = Release|Any CPU
		{4A418C29-9911-D591-A9E3-26E9DB4276B3}.Release|Any CPU.Build.0 = Release|Any CPU
		{4A418C29-9911-D591-A9E3-26E9DB4276B3}.Release|x64.ActiveCfg = Release|Any CPU
		{4A418C29-9911-D591-A9E3-26E9DB4276B3}.Release|x64.Build.0 = Release|Any CPU
		{4A418C29-9911-D591-A9E3-26E9DB4276B3}.Release|x86.ActiveCfg = Release|Any CPU
		{4A418C29-9911-D591-A9E3-26E9DB4276B3}.Release|x86.Build.0 = Release|Any CPU
		{F7B851D5-C480-4EF9-B029-06799D034847}.Debug|Any CPU.ActiveCfg = Debug|Any CPU
		{F7B851D5-C480-4EF9-B029-06799D034847}.Debug|Any CPU.Build.0 = Debug|Any CPU
		{F7B851D5-C480-4EF9-B029-06799D034847}.Debug|x64.ActiveCfg = Debug|Any CPU
		{F7B851D5-C480-4EF9-B029-06799D034847}.Debug|x64.Build.0 = Debug|Any CPU
		{F7B851D5-C480-4EF9-B029-06799D034847}.Debug|x86.ActiveCfg = Debug|Any CPU
		{F7B851D5-C480-4EF9-B029-06799D034847}.Debug|x86.Build.0 = Debug|Any CPU
		{F7B851D5-C480-4EF9-B029-06799D034847}.Release|Any CPU.ActiveCfg = Release|Any CPU
		{F7B851D5-C480-4EF9-B029-06799D034847}.Release|Any CPU.Build.0 = Release|Any CPU
		{F7B851D5-C480-4EF9-B029-06799D034847}.Release|x64.ActiveCfg = Release|Any CPU
		{F7B851D5-C480-4EF9-B029-06799D034847}.Release|x64.Build.0 = Release|Any CPU
		{F7B851D5-C480-4EF9-B029-06799D034847}.Release|x86.ActiveCfg = Release|Any CPU
		{F7B851D5-C480-4EF9-B029-06799D034847}.Release|x86.Build.0 = Release|Any CPU
		{E32CF553-0B6E-49D6-AC1A-6D13D26C240D}.Debug|Any CPU.ActiveCfg = Debug|Any CPU
		{E32CF553-0B6E-49D6-AC1A-6D13D26C240D}.Debug|Any CPU.Build.0 = Debug|Any CPU
		{E32CF553-0B6E-49D6-AC1A-6D13D26C240D}.Debug|x64.ActiveCfg = Debug|Any CPU
		{E32CF553-0B6E-49D6-AC1A-6D13D26C240D}.Debug|x64.Build.0 = Debug|Any CPU
		{E32CF553-0B6E-49D6-AC1A-6D13D26C240D}.Debug|x86.ActiveCfg = Debug|Any CPU
		{E32CF553-0B6E-49D6-AC1A-6D13D26C240D}.Debug|x86.Build.0 = Debug|Any CPU
		{E32CF553-0B6E-49D6-AC1A-6D13D26C240D}.Release|Any CPU.ActiveCfg = Release|Any CPU
		{E32CF553-0B6E-49D6-AC1A-6D13D26C240D}.Release|Any CPU.Build.0 = Release|Any CPU
		{E32CF553-0B6E-49D6-AC1A-6D13D26C240D}.Release|x64.ActiveCfg = Release|Any CPU
		{E32CF553-0B6E-49D6-AC1A-6D13D26C240D}.Release|x64.Build.0 = Release|Any CPU
		{E32CF553-0B6E-49D6-AC1A-6D13D26C240D}.Release|x86.ActiveCfg = Release|Any CPU
		{E32CF553-0B6E-49D6-AC1A-6D13D26C240D}.Release|x86.Build.0 = Release|Any CPU
		{BA875290-89D6-4662-A113-D77D76DFF256}.Debug|Any CPU.ActiveCfg = Debug|Any CPU
		{BA875290-89D6-4662-A113-D77D76DFF256}.Debug|Any CPU.Build.0 = Debug|Any CPU
		{BA875290-89D6-4662-A113-D77D76DFF256}.Debug|x64.ActiveCfg = Debug|Any CPU
		{BA875290-89D6-4662-A113-D77D76DFF256}.Debug|x64.Build.0 = Debug|Any CPU
		{BA875290-89D6-4662-A113-D77D76DFF256}.Debug|x86.ActiveCfg = Debug|Any CPU
		{BA875290-89D6-4662-A113-D77D76DFF256}.Debug|x86.Build.0 = Debug|Any CPU
		{BA875290-89D6-4662-A113-D77D76DFF256}.Release|Any CPU.ActiveCfg = Release|Any CPU
		{BA875290-89D6-4662-A113-D77D76DFF256}.Release|Any CPU.Build.0 = Release|Any CPU
		{BA875290-89D6-4662-A113-D77D76DFF256}.Release|x64.ActiveCfg = Release|Any CPU
		{BA875290-89D6-4662-A113-D77D76DFF256}.Release|x64.Build.0 = Release|Any CPU
		{BA875290-89D6-4662-A113-D77D76DFF256}.Release|x86.ActiveCfg = Release|Any CPU
		{BA875290-89D6-4662-A113-D77D76DFF256}.Release|x86.Build.0 = Release|Any CPU
		{32960180-3A6A-4521-9986-0E9C5BBE44B6}.Debug|Any CPU.ActiveCfg = Debug|Any CPU
		{32960180-3A6A-4521-9986-0E9C5BBE44B6}.Debug|Any CPU.Build.0 = Debug|Any CPU
		{32960180-3A6A-4521-9986-0E9C5BBE44B6}.Debug|x64.ActiveCfg = Debug|Any CPU
		{32960180-3A6A-4521-9986-0E9C5BBE44B6}.Debug|x64.Build.0 = Debug|Any CPU
		{32960180-3A6A-4521-9986-0E9C5BBE44B6}.Debug|x86.ActiveCfg = Debug|Any CPU
		{32960180-3A6A-4521-9986-0E9C5BBE44B6}.Debug|x86.Build.0 = Debug|Any CPU
		{32960180-3A6A-4521-9986-0E9C5BBE44B6}.Release|Any CPU.ActiveCfg = Release|Any CPU
		{32960180-3A6A-4521-9986-0E9C5BBE44B6}.Release|Any CPU.Build.0 = Release|Any CPU
		{32960180-3A6A-4521-9986-0E9C5BBE44B6}.Release|x64.ActiveCfg = Release|Any CPU
		{32960180-3A6A-4521-9986-0E9C5BBE44B6}.Release|x64.Build.0 = Release|Any CPU
		{32960180-3A6A-4521-9986-0E9C5BBE44B6}.Release|x86.ActiveCfg = Release|Any CPU
		{32960180-3A6A-4521-9986-0E9C5BBE44B6}.Release|x86.Build.0 = Release|Any CPU
		{B330AA0D-3AEC-411B-B39D-A0AC2EFE2A23}.Debug|Any CPU.ActiveCfg = Debug|Any CPU
		{B330AA0D-3AEC-411B-B39D-A0AC2EFE2A23}.Debug|Any CPU.Build.0 = Debug|Any CPU
		{B330AA0D-3AEC-411B-B39D-A0AC2EFE2A23}.Debug|x64.ActiveCfg = Debug|Any CPU
		{B330AA0D-3AEC-411B-B39D-A0AC2EFE2A23}.Debug|x64.Build.0 = Debug|Any CPU
		{B330AA0D-3AEC-411B-B39D-A0AC2EFE2A23}.Debug|x86.ActiveCfg = Debug|Any CPU
		{B330AA0D-3AEC-411B-B39D-A0AC2EFE2A23}.Debug|x86.Build.0 = Debug|Any CPU
		{B330AA0D-3AEC-411B-B39D-A0AC2EFE2A23}.Release|Any CPU.ActiveCfg = Release|Any CPU
		{B330AA0D-3AEC-411B-B39D-A0AC2EFE2A23}.Release|Any CPU.Build.0 = Release|Any CPU
		{B330AA0D-3AEC-411B-B39D-A0AC2EFE2A23}.Release|x64.ActiveCfg = Release|Any CPU
		{B330AA0D-3AEC-411B-B39D-A0AC2EFE2A23}.Release|x64.Build.0 = Release|Any CPU
		{B330AA0D-3AEC-411B-B39D-A0AC2EFE2A23}.Release|x86.ActiveCfg = Release|Any CPU
		{B330AA0D-3AEC-411B-B39D-A0AC2EFE2A23}.Release|x86.Build.0 = Release|Any CPU
	EndGlobalSection
	GlobalSection(SolutionProperties) = preSolution
		HideSolutionNode = FALSE
	EndGlobalSection
	GlobalSection(NestedProjects) = preSolution
		{F85B0F60-F2E5-B046-B438-A87D11254B0B} = {48142D3C-DD83-4D31-9236-2C6CED5FE868}
		{EEC80661-7BAC-9C68-E70D-952DBA3279BC} = {48142D3C-DD83-4D31-9236-2C6CED5FE868}
		{01B963F6-01E9-97FD-53DF-984F69E4932B} = {48142D3C-DD83-4D31-9236-2C6CED5FE868}
		{E073A695-9D88-4689-8449-62A050B52CBC} = {48142D3C-DD83-4D31-9236-2C6CED5FE868}
		{FC7B40FE-72A7-1446-E5BB-9A227BF7DB11} = {48142D3C-DD83-4D31-9236-2C6CED5FE868}
		{FAB750A1-29F3-5B80-130F-FA1AC2B9E7E5} = {48142D3C-DD83-4D31-9236-2C6CED5FE868}
		{4483400C-B4F2-971F-EA8A-328E93BFE9EF} = {48142D3C-DD83-4D31-9236-2C6CED5FE868}
		{8D87FA51-EE09-6916-8398-534A72034ABF} = {48142D3C-DD83-4D31-9236-2C6CED5FE868}
		{34A3C326-1E9E-1A2F-6E2D-C97BAEE5788A} = {48142D3C-DD83-4D31-9236-2C6CED5FE868}
		{5EF7B96B-7C7D-7D08-51E6-E2F2C97BB04A} = {48142D3C-DD83-4D31-9236-2C6CED5FE868}
		{930DE26A-C0D2-57C7-12CD-5551FF049B36} = {5EF7B96B-7C7D-7D08-51E6-E2F2C97BB04A}
		{4A418C29-9911-D591-A9E3-26E9DB4276B3} = {5EF7B96B-7C7D-7D08-51E6-E2F2C97BB04A}
		{531254DD-3D48-AD39-5F93-5C57607E1266} = {48142D3C-DD83-4D31-9236-2C6CED5FE868}
		{F7B851D5-C480-4EF9-B029-06799D034847} = {531254DD-3D48-AD39-5F93-5C57607E1266}
		{E32CF553-0B6E-49D6-AC1A-6D13D26C240D} = {531254DD-3D48-AD39-5F93-5C57607E1266}
		{BA875290-89D6-4662-A113-D77D76DFF256} = {48142D3C-DD83-4D31-9236-2C6CED5FE868}
		{206434C2-61A1-2E74-625B-BB6AA6965FCD} = {48142D3C-DD83-4D31-9236-2C6CED5FE868}
		{B330AA0D-3AEC-411B-B39D-A0AC2EFE2A23} = {206434C2-61A1-2E74-625B-BB6AA6965FCD}
	EndGlobalSection
	GlobalSection(ExtensibilityGlobals) = postSolution
		SolutionGuid = {47B56116-F127-4C69-9D62-F1CE2D1F00CE}
	EndGlobalSection
EndGlobal
